
Microsoft Visual Studio Solution File, Format Version 12.00
# Visual Studio Version 16
VisualStudioVersion = 16.0.31729.503
MinimumVisualStudioVersion = 10.0.40219.1
Project("{8BC9CEB8-8B4A-11D0-8D11-00A0C91BC942}") = "EPlayerServer", "EPlayerServer\EPlayerServer.vcxproj", "{62EC3AE0-C44A-4F4A-9A5B-B417BFA247EB}"
EndProject
Project("{8BC9CEB8-8B4A-11D0-8D11-00A0C91BC942}") = "jemalloc", "jemalloc\jemalloc.vcxproj", "{412FDCD9-BD79-4DF6-8925-757A64E335F9}"
EndProject
Project("{8BC9CEB8-8B4A-11D0-8D11-00A0C91BC942}") = "ELogServer", "ELogServer\ELogServer.vcxproj", "{CD9AD412-28DD-426A-8A24-46C134538B24}"
EndProject
Project("{8BC9CEB8-8B4A-11D0-8D11-00A0C91BC942}") = "EAcceptServer", "EAcceptServer\EAcceptServer.vcxproj", "{6E1AE7FF-204A-402D-A896-F1BB4E607696}"
EndProject
Global
	GlobalSection(SolutionConfigurationPlatforms) = preSolution
		Debug|x64 = Debug|x64
		Debug|x86 = Debug|x86
		Release|x64 = Release|x64
		Release|x86 = Release|x86
	EndGlobalSection
	GlobalSection(ProjectConfigurationPlatforms) = postSolution
		{62EC3AE0-C44A-4F4A-9A5B-B417BFA247EB}.Debug|x64.ActiveCfg = Debug|x64
		{62EC3AE0-C44A-4F4A-9A5B-B417BFA247EB}.Debug|x64.Build.0 = Debug|x64
		{62EC3AE0-C44A-4F4A-9A5B-B417BFA247EB}.Debug|x86.ActiveCfg = Debug|Win32
		{62EC3AE0-C44A-4F4A-9A5B-B417BFA247EB}.Debug|x86.Build.0 = Debug|Win32
		{62EC3AE0-C44A-4F4A-9A5B-B417BFA247EB}.Release|x64.ActiveCfg = Release|x64
		{62EC3AE0-C44A-4F4A-9A5B-B417BFA247EB}.Release|x64.Build.0 = Release|x64
		{62EC3AE0-C44A-4F4A-9A5B-B417BFA247EB}.Release|x86.ActiveCfg = Release|Win32
		{62EC3AE0-C44A-4F4A-9A5B-B417BFA247EB}.Release|x86.Build.0 = Release|Win32
		{412FDCD9-BD79-4DF6-8925-757A64E335F9}.Debug|x64.ActiveCfg = Debug|x64
		{412FDCD9-BD79-4DF6-8925-757A64E335F9}.Debug|x64.Build.0 = Debug|x64
		{412FDCD9-BD79-4DF6-8925-757A64E335F9}.Debug|x86.ActiveCfg = Debug|Win32
		{412FDCD9-BD79-4DF6-8925-757A64E335F9}.Debug|x86.Build.0 = Debug|Win32
		{412FDCD9-BD79-4DF6-8925-757A64E335F9}.Release|x64.ActiveCfg = Release|x64
		{412FDCD9-BD79-4DF6-8925-757A64E335F9}.Release|x64.Build.0 = Release|x64
		{412FDCD9-BD79-4DF6-8925-757A64E335F9}.Release|x86.ActiveCfg = Release|Win32
		{412FDCD9-BD79-4DF6-8925-757A64E335F9}.Release|x86.Build.0 = Release|Win32
		{CD9AD412-28DD-426A-8A24-46C134538B24}.Debug|x64.ActiveCfg = Debug|x64
		{CD9AD412-28DD-426A-8A24-46C134538B24}.Debug|x64.Build.0 = Debug|x64
		{CD9AD412-28DD-426A-8A24-46C134538B24}.Debug|x86.ActiveCfg = Debug|Win32
		{CD9AD412-28DD-426A-8A24-46C134538B24}.Debug|x86.Build.0 = Debug|Win32
		{CD9AD412-28DD-426A-8A24-46C134538B24}.Release|x64.ActiveCfg = Release|x64
		{CD9AD412-28DD-426A-8A24-46C134538B24}.Release|x64.Build.0 = Release|x64
		{CD9AD412-28DD-426A-8A24-46C134538B24}.Release|x86.ActiveCfg = Release|Win32
		{CD9AD412-28DD-426A-8A24-46C134538B24}.Release|x86.Build.0 = Release|Win32
		{6E1AE7FF-204A-402D-A896-F1BB4E607696}.Debug|x64.ActiveCfg = Debug|x64
		{6E1AE7FF-204A-402D-A896-F1BB4E607696}.Debug|x64.Build.0 = Debug|x64
		{6E1AE7FF-204A-402D-A896-F1BB4E607696}.Debug|x86.ActiveCfg = Debug|Win32
		{6E1AE7FF-204A-402D-A896-F1BB4E607696}.Debug|x86.Build.0 = Debug|Win32
		{6E1AE7FF-204A-402D-A896-F1BB4E607696}.Release|x64.ActiveCfg = Release|x64
		{6E1AE7FF-204A-402D-A896-F1BB4E607696}.Release|x64.Build.0 = Release|x64
		{6E1AE7FF-204A-402D-A896-F1BB4E607696}.Release|x86.ActiveCfg = Release|Win32
		{6E1AE7FF-204A-402D-A896-F1BB4E607696}.Release|x86.Build.0 = Release|Win32
	EndGlobalSection
	GlobalSection(SolutionProperties) = preSolution
		HideSolutionNode = FALSE
	EndGlobalSection
	GlobalSection(ExtensibilityGlobals) = postSolution
		SolutionGuid = {E4A78BFA-AAC2-47D5-AB2B-2495392A37DC}
	EndGlobalSection
EndGlobal
