<?xml version="1.0" encoding="utf-8"?>
<Project ToolsVersion="4.0" xmlns="http://schemas.microsoft.com/developer/msbuild/2003">
  <ItemGroup>
    <Filter Include="源文件">
      <UniqueIdentifier>{4FC737F1-C7A5-4376-A066-2A32D752A2FF}</UniqueIdentifier>
      <Extensions>cpp;c;cc;cxx;c++;cppm;ixx;def;odl;idl;hpj;bat;asm;asmx</Extensions>
    </Filter>
    <Filter Include="头文件">
      <UniqueIdentifier>{93995380-89BD-4b04-88EB-625FBE52EBFB}</UniqueIdentifier>
      <Extensions>h;hh;hpp;hxx;h++;hm;inl;inc;ipp;xsd</Extensions>
    </Filter>
    <Filter Include="资源文件">
      <UniqueIdentifier>{67DA6AB6-F800-4c08-8B7A-83BB121AAD01}</UniqueIdentifier>
      <Extensions>rc;ico;cur;bmp;dlg;rc2;rct;bin;rgs;gif;jpg;jpeg;jpe;resx;tiff;tif;png;wav;mfcribbon-ms</Extensions>
    </Filter>
    <Filter Include="gtest">
      <UniqueIdentifier>{bd43fa60-e21c-40ab-b6c9-8adc5bab0d41}</UniqueIdentifier>
    </Filter>
    <Filter Include="gtest\include">
      <UniqueIdentifier>{16dd0eeb-08b2-4ac0-a1d1-b3122c882b10}</UniqueIdentifier>
    </Filter>
    <Filter Include="gtest\include\internal">
      <UniqueIdentifier>{42468a29-a7af-4413-ae89-1ba8eb5a27b2}</UniqueIdentifier>
    </Filter>
    <Filter Include="gtest\include\internal\custom">
      <UniqueIdentifier>{19c919bc-5f8f-4cd5-9460-ea6f40fc7d6b}</UniqueIdentifier>
    </Filter>
    <Filter Include="sqlite3">
      <UniqueIdentifier>{bcb9f84e-28a4-4ee9-aee6-62ba829708ec}</UniqueIdentifier>
    </Filter>
    <Filter Include="json">
      <UniqueIdentifier>{4a0c9899-a7dd-4b3a-b364-c2c4f93683a1}</UniqueIdentifier>
    </Filter>
  </ItemGroup>
  <ItemGroup>
    <ClCompile Include="EPlayerServer.cpp">
      <Filter>源文件</Filter>
    </ClCompile>
    <ClCompile Include="gtest\gtest.cc">
      <Filter>gtest</Filter>
    </ClCompile>
    <ClCompile Include="gtest\gtest-death-test.cc">
      <Filter>gtest</Filter>
    </ClCompile>
    <ClCompile Include="gtest\gtest-filepath.cc">
      <Filter>gtest</Filter>
    </ClCompile>
    <ClCompile Include="gtest\gtest-matchers.cc">
      <Filter>gtest</Filter>
    </ClCompile>
    <ClCompile Include="gtest\gtest-port.cc">
      <Filter>gtest</Filter>
    </ClCompile>
    <ClCompile Include="gtest\gtest-printers.cc">
      <Filter>gtest</Filter>
    </ClCompile>
    <ClCompile Include="gtest\gtest-test-part.cc">
      <Filter>gtest</Filter>
    </ClCompile>
    <ClCompile Include="gtest\gtest-typed-test.cc">
      <Filter>gtest</Filter>
    </ClCompile>
    <ClCompile Include="Thread.cpp">
      <Filter>源文件</Filter>
    </ClCompile>
    <ClCompile Include="ThreadPool.cpp">
      <Filter>源文件</Filter>
    </ClCompile>
    <ClCompile Include="LogServer.cpp">
      <Filter>源文件</Filter>
    </ClCompile>
    <ClCompile Include="TaskActuator.cpp">
      <Filter>源文件</Filter>
    </ClCompile>
    <ClCompile Include="DatabaseHelper.cpp">
      <Filter>源文件</Filter>
    </ClCompile>
    <ClCompile Include="Sqlite3Client.cpp">
      <Filter>源文件</Filter>
    </ClCompile>
    <ClCompile Include="sqlite3\sqlite3.c">
      <Filter>sqlite3</Filter>
    </ClCompile>
    <ClCompile Include="AsynchronousModel.cpp">
      <Filter>源文件</Filter>
    </ClCompile>
    <ClCompile Include="http_parser.c">
      <Filter>源文件</Filter>
    </ClCompile>
    <ClCompile Include="HttpParser.cpp">
      <Filter>源文件</Filter>
    </ClCompile>
    <ClCompile Include="OpenSSLHelper.cpp">
      <Filter>源文件</Filter>
    </ClCompile>
    <ClCompile Include="EdoyunServer.cpp">
      <Filter>源文件</Filter>
    </ClCompile>
    <ClCompile Include="json\json_reader.cpp">
      <Filter>json</Filter>
    </ClCompile>
    <ClCompile Include="json\json_value.cpp">
      <Filter>json</Filter>
    </ClCompile>
    <ClCompile Include="json\json_writer.cpp">
      <Filter>json</Filter>
    </ClCompile>
    <ClCompile Include="MysqlClient.cpp">
      <Filter>源文件</Filter>
    </ClCompile>
  </ItemGroup>
  <ItemGroup>
    <ClInclude Include="gtest\gtest-internal-inl.h">
      <Filter>gtest</Filter>
    </ClInclude>
    <ClInclude Include="gtest\include\gtest\gtest.h">
      <Filter>gtest\include</Filter>
    </ClInclude>
    <ClInclude Include="gtest\include\gtest\gtest_pred_impl.h">
      <Filter>gtest\include</Filter>
    </ClInclude>
    <ClInclude Include="gtest\include\gtest\gtest_prod.h">
      <Filter>gtest\include</Filter>
    </ClInclude>
    <ClInclude Include="gtest\include\gtest\gtest-death-test.h">
      <Filter>gtest\include</Filter>
    </ClInclude>
    <ClInclude Include="gtest\include\gtest\gtest-matchers.h">
      <Filter>gtest\include</Filter>
    </ClInclude>
    <ClInclude Include="gtest\include\gtest\gtest-message.h">
      <Filter>gtest\include</Filter>
    </ClInclude>
    <ClInclude Include="gtest\include\gtest\gtest-param-test.h">
      <Filter>gtest\include</Filter>
    </ClInclude>
    <ClInclude Include="gtest\include\gtest\gtest-printers.h">
      <Filter>gtest\include</Filter>
    </ClInclude>
    <ClInclude Include="gtest\include\gtest\gtest-spi.h">
      <Filter>gtest\include</Filter>
    </ClInclude>
    <ClInclude Include="gtest\include\gtest\gtest-test-part.h">
      <Filter>gtest\include</Filter>
    </ClInclude>
    <ClInclude Include="gtest\include\gtest\gtest-typed-test.h">
      <Filter>gtest\include</Filter>
    </ClInclude>
    <ClInclude Include="gtest\include\gtest\internal\gtest-death-test-internal.h">
      <Filter>gtest\include\internal</Filter>
    </ClInclude>
    <ClInclude Include="gtest\include\gtest\internal\gtest-filepath.h">
      <Filter>gtest\include\internal</Filter>
    </ClInclude>
    <ClInclude Include="gtest\include\gtest\internal\gtest-internal.h">
      <Filter>gtest\include\internal</Filter>
    </ClInclude>
    <ClInclude Include="gtest\include\gtest\internal\gtest-param-util.h">
      <Filter>gtest\include\internal</Filter>
    </ClInclude>
    <ClInclude Include="gtest\include\gtest\internal\gtest-port.h">
      <Filter>gtest\include\internal</Filter>
    </ClInclude>
    <ClInclude Include="gtest\include\gtest\internal\gtest-port-arch.h">
      <Filter>gtest\include\internal</Filter>
    </ClInclude>
    <ClInclude Include="gtest\include\gtest\internal\gtest-string.h">
      <Filter>gtest\include\internal</Filter>
    </ClInclude>
    <ClInclude Include="gtest\include\gtest\internal\gtest-type-util.h">
      <Filter>gtest\include\internal</Filter>
    </ClInclude>
    <ClInclude Include="gtest\include\gtest\internal\custom\gtest.h">
      <Filter>gtest\include\internal\custom</Filter>
    </ClInclude>
    <ClInclude Include="gtest\include\gtest\internal\custom\gtest-port.h">
      <Filter>gtest\include\internal\custom</Filter>
    </ClInclude>
    <ClInclude Include="gtest\include\gtest\internal\custom\gtest-printers.h">
      <Filter>gtest\include\internal\custom</Filter>
    </ClInclude>
    <ClInclude Include="Thread.h">
      <Filter>头文件</Filter>
    </ClInclude>
    <ClInclude Include="ThreadPool.h">
      <Filter>头文件</Filter>
    </ClInclude>
    <ClInclude Include="LogServer.h">
      <Filter>头文件</Filter>
    </ClInclude>
    <ClInclude Include="TaskActuator.h">
      <Filter>头文件</Filter>
    </ClInclude>
    <ClInclude Include="DatabaseHelper.h">
      <Filter>头文件</Filter>
    </ClInclude>
    <ClInclude Include="Sqlite3Client.h">
      <Filter>头文件</Filter>
    </ClInclude>
    <ClInclude Include="sqlite3\sqlite3.h">
      <Filter>sqlite3</Filter>
    </ClInclude>
    <ClInclude Include="sqlite3\sqlite3ext.h">
      <Filter>sqlite3</Filter>
    </ClInclude>
    <ClInclude Include="AsynchronousModel.h">
      <Filter>头文件</Filter>
    </ClInclude>
    <ClInclude Include="http_parser.h">
      <Filter>头文件</Filter>
    </ClInclude>
    <ClInclude Include="HttpParser.h">
      <Filter>头文件</Filter>
    </ClInclude>
    <ClInclude Include="OpenSSLHelper.h">
      <Filter>头文件</Filter>
    </ClInclude>
    <ClInclude Include="EdoyunServer.h">
      <Filter>头文件</Filter>
    </ClInclude>
    <ClInclude Include="json\allocator.h">
      <Filter>json</Filter>
    </ClInclude>
    <ClInclude Include="json\assertions.h">
      <Filter>json</Filter>
    </ClInclude>
    <ClInclude Include="json\config.h">
      <Filter>json</Filter>
    </ClInclude>
    <ClInclude Include="json\forwards.h">
      <Filter>json</Filter>
    </ClInclude>
    <ClInclude Include="json\json.h">
      <Filter>json</Filter>
    </ClInclude>
    <ClInclude Include="json\json_features.h">
      <Filter>json</Filter>
    </ClInclude>
    <ClInclude Include="json\json_tool.h">
      <Filter>json</Filter>
    </ClInclude>
    <ClInclude Include="json\reader.h">
      <Filter>json</Filter>
    </ClInclude>
    <ClInclude Include="json\value.h">
      <Filter>json</Filter>
    </ClInclude>
    <ClInclude Include="json\version.h">
      <Filter>json</Filter>
    </ClInclude>
    <ClInclude Include="json\writer.h">
      <Filter>json</Filter>
    </ClInclude>
    <ClInclude Include="MysqlClient.h">
      <Filter>头文件</Filter>
    </ClInclude>
  </ItemGroup>
  <ItemGroup>
    <None Include="cpp.hint" />
    <None Include="json\json_valueiterator.inl">
      <Filter>json</Filter>
    </None>
    <None Include="ClassDiagram.cd" />
  </ItemGroup>
</Project>